
Microsoft Visual Studio Solution File, Format Version 12.00
# Visual Studio 14
VisualStudioVersion = 14.0.25123.0
MinimumVisualStudioVersion = 10.0.40219.1
Project("{FAE04EC0-301F-11D3-BF4B-00C04F79EFBC}") = "MixCloudDownloader", "MixCloudDownloader\MixCloudDownloader.csproj", "{DC119D8C-7892-461F-9919-AD389014FE78}"
EndProject
Global
	GlobalSection(SolutionConfigurationPlatforms) = preSolution
		Debug|Any CPU = Debug|Any CPU
		Release|Any CPU = Release|Any CPU
	EndGlobalSection
	GlobalSection(ProjectConfigurationPlatforms) = postSolution
		{DC119D8C-7892-461F-9919-AD389014FE78}.Debug|Any CPU.ActiveCfg = Debug|Any CPU
		{DC119D8C-7892-461F-9919-AD389014FE78}.Debug|Any CPU.Build.0 = Debug|Any CPU
		{DC119D8C-7892-461F-9919-AD389014FE78}.Release|Any CPU.ActiveCfg = Release|Any CPU
		{DC119D8C-7892-461F-9919-AD389014FE78}.Release|Any CPU.Build.0 = Release|Any CPU
	EndGlobalSection
	GlobalSection(SolutionProperties) = preSolution
		HideSolutionNode = FALSE
	EndGlobalSection
EndGlobal
